{
  "name": "sample",
  "lockfileVersion": 2,
  "requires": true,
  "packages": {
    "": {
      "name": "sample",
      "dependencies": {
        "devextreme": "~22.1.0",
        "jquery": "^3.6.1"
      }
    },
    "node_modules/@babel/runtime": {
      "version": "7.19.0",
      "resolved": "https://registry.npmjs.org/@babel/runtime/-/runtime-7.19.0.tgz",
      "integrity": "sha512-eR8Lo9hnDS7tqkO7NsV+mKvCmv5boaXFSZ70DnfhcgiEne8hv9oCEd36Klw74EtizEqLsy4YnW8UWwpBVolHZA==",
      "dependencies": {
        "regenerator-runtime": "^0.13.4"
      },
      "engines": {
        "node": ">=6.9.0"
      }
    },
    "node_modules/@devexpress/utils": {
      "version": "1.3.16",
      "resolved": "https://registry.npmjs.org/@devexpress/utils/-/utils-1.3.16.tgz",
      "integrity": "sha512-4Az8FUtvesew89j6N7zmDGfZQyHicvSwVoPZMmxRPvz2u4UiLpI/LDD0zuzLYWsLa8pr+SsJ3JRIKmhlcDAsgA==",
      "dependencies": {
        "tslib": "2.0.1"
      }
    },
    "node_modules/@devextreme/runtime": {
      "version": "3.0.11",
      "resolved": "https://registry.npmjs.org/@devextreme/runtime/-/runtime-3.0.11.tgz",
      "integrity": "sha512-j17t+7Uv2iji9YKSzoArw8TyYCjRBWKFRjUyQrog77Z9CVUsQnv2kI7MVNHKjmQgD/aTnHvb57dYq9UL6HesLw==",
      "dependencies": {
        "inferno": "^7.4.6",
        "inferno-create-element": "^7.4.6",
        "inferno-hydrate": "^7.4.6"
      }
    },
    "node_modules/ansi-regex": {
      "version": "5.0.1",
      "resolved": "https://registry.npmjs.org/ansi-regex/-/ansi-regex-5.0.1.tgz",
      "integrity": "sha512-quJQXlTSUGL2LH9SUXo8VwsY4soanhgo6LNSm84E1LBcE8s3O0wpdiRzyR9z/ZZJMlMWv37qOOb9pdJlMUEKFQ==",
      "engines": {
        "node": ">=8"
      }
    },
    "node_modules/ansi-styles": {
      "version": "4.3.0",
      "resolved": "https://registry.npmjs.org/ansi-styles/-/ansi-styles-4.3.0.tgz",
      "integrity": "sha512-zbB9rCJAT1rbjiVDb2hqKFHNYLxgtk8NURxZ3IZwD3F6NtxbXZQCnnSi1Lkx+IDohdPlFp222wVALIheZJQSEg==",
      "dependencies": {
        "color-convert": "^2.0.1"
      },
      "engines": {
        "node": ">=8"
      },
      "funding": {
        "url": "https://github.com/chalk/ansi-styles?sponsor=1"
      }
    },
    "node_modules/cliui": {
      "version": "8.0.1",
      "resolved": "https://registry.npmjs.org/cliui/-/cliui-8.0.1.tgz",
      "integrity": "sha512-BSeNnyus75C4//NQ9gQt1/csTXyo/8Sb+afLAkzAptFuMsod9HFokGNudZpi/oQV73hnVK+sR+5PVRMd+Dr7YQ==",
      "dependencies": {
        "string-width": "^4.2.0",
        "strip-ansi": "^6.0.1",
        "wrap-ansi": "^7.0.0"
      },
      "engines": {
        "node": ">=12"
      }
    },
    "node_modules/color-convert": {
      "version": "2.0.1",
      "resolved": "https://registry.npmjs.org/color-convert/-/color-convert-2.0.1.tgz",
      "integrity": "sha512-RRECPsj7iu/xb5oKYcsFHSppFNnsj/52OVTRKb4zP5onXwVF3zVmmToNcOfGC+CRDpfK/U584fMg38ZHCaElKQ==",
      "dependencies": {
        "color-name": "~1.1.4"
      },
      "engines": {
        "node": ">=7.0.0"
      }
    },
    "node_modules/color-name": {
      "version": "1.1.4",
      "resolved": "https://registry.npmjs.org/color-name/-/color-name-1.1.4.tgz",
      "integrity": "sha512-dOy+3AuW3a2wNbZHIuMZpTcgjGuLU/uBL/ubcZF9OXbDo8ff4O8yVp5Bf0efS8uEoYo5q4Fx7dY9OgQGXgAsQA=="
    },
    "node_modules/core-js": {
      "version": "3.25.5",
      "resolved": "https://registry.npmjs.org/core-js/-/core-js-3.25.5.tgz",
      "integrity": "sha512-nbm6eZSjm+ZuBQxCUPQKQCoUEfFOXjUZ8dTTyikyKaWrTYmAVbykQfwsKE5dBK88u3QCkCrzsx/PPlKfhsvgpw==",
      "hasInstallScript": true,
      "funding": {
        "type": "opencollective",
        "url": "https://opencollective.com/core-js"
      }
    },
    "node_modules/core-util-is": {
      "version": "1.0.2",
      "resolved": "https://registry.npmjs.org/core-util-is/-/core-util-is-1.0.2.tgz",
      "integrity": "sha1-tf1UIgqivFq1eqtxQMlAdUUDwac="
    },
    "node_modules/devexpress-diagram": {
      "version": "2.1.63",
      "resolved": "https://registry.npmjs.org/devexpress-diagram/-/devexpress-diagram-2.1.63.tgz",
      "integrity": "sha512-zsqt3VFJpIlkW+/N1+GXuZEP2BG1NOirCqItFnbrZZhcNPl5nxr8LnxqiNF7MtOCjgUmCD4MbU7GxShlu9J7JA==",
      "dependencies": {
        "@devexpress/utils": "1.3.16",
        "es6-object-assign": "^1.1.0"
      }
    },
    "node_modules/devexpress-gantt": {
      "version": "4.1.32",
      "resolved": "https://registry.npmjs.org/devexpress-gantt/-/devexpress-gantt-4.1.32.tgz",
      "integrity": "sha512-Zeuv1wH3K8fC30R6Azkeu6GemWhR1nhpMqEupyfMk+7rO/WHnqoa1F0oA6lfIzZUDU5RoERRvcZjV65AOzvbWg==",
      "dependencies": {
        "@devexpress/utils": "1.3.14",
        "tslib": "2.3.1"
      }
    },
    "node_modules/devexpress-gantt/node_modules/@devexpress/utils": {
      "version": "1.3.14",
      "resolved": "https://registry.npmjs.org/@devexpress/utils/-/utils-1.3.14.tgz",
      "integrity": "sha512-vJmUq9Rg6wqYPuZ7qvTHBsd6vkGBj5ZCMzNUJIRWIZPuQfGt576cMqDOD68EQyy/5EBqwowtoYgFdQ1a/1iVpA==",
      "dependencies": {
        "tslib": "2.0.1"
      }
    },
    "node_modules/devexpress-gantt/node_modules/@devexpress/utils/node_modules/tslib": {
      "version": "2.0.1",
      "resolved": "https://registry.npmjs.org/tslib/-/tslib-2.0.1.tgz",
      "integrity": "sha512-SgIkNheinmEBgx1IUNirK0TUD4X9yjjBRTqqjggWCU3pUEqIk3/Uwl3yRixYKT6WjQuGiwDv4NomL3wqRCj+CQ=="
    },
    "node_modules/devexpress-gantt/node_modules/tslib": {
      "version": "2.3.1",
      "resolved": "https://registry.npmjs.org/tslib/-/tslib-2.3.1.tgz",
      "integrity": "sha512-77EbyPPpMz+FRFRuAFlWMtmgUWGe9UOG2Z25NqCwiIjRhOf5iKGuzSe5P2w1laq+FkRy4p+PCuVkJSGkzTEKVw=="
    },
    "node_modules/devextreme": {
      "version": "22.1.5",
      "resolved": "https://registry.npmjs.org/devextreme/-/devextreme-22.1.5.tgz",
      "integrity": "sha512-k4LcbFwoxMmiHundVf6uu93J/Bnysh4wP4QE3KHydAqXcquYeitG1mtnhnV22L2zIzNBMgu2nzKSotP4Srtxgw==",
      "dependencies": {
        "@babel/runtime": "^7.12.1",
        "@devextreme/runtime": "3.0.11",
        "devexpress-diagram": "2.1.63",
        "devexpress-gantt": "4.1.32",
        "devextreme-quill": "~1.5.16",
        "devextreme-showdown": "^1.0.1",
        "inferno": "^7.4.9",
        "inferno-compat": "^7.4.9",
        "inferno-create-element": "^7.4.9",
        "inferno-hydrate": "^7.4.9",
        "jszip": "^3.7.1",
        "rrule": "2.6.6",
        "turndown": "~7.1.0"
      },
      "bin": {
        "devextreme-bundler": "bin/bundler.js",
        "devextreme-bundler-init": "bin/bundler-init.js"
      }
    },
    "node_modules/devextreme-quill": {
      "version": "1.5.18",
      "resolved": "https://registry.npmjs.org/devextreme-quill/-/devextreme-quill-1.5.18.tgz",
      "integrity": "sha512-qdO+8VnteqMEh/JN7q9cQogH/BZFILcPnR6FO41MiLy1fT84xEqORra7cKYQaiagf3yts934bb0ycWw8zgdFYA==",
      "dependencies": {
        "core-js": "^3.19.1",
        "eventemitter3": "^4.0.0",
        "lodash.clonedeep": "^4.5.0",
        "lodash.isequal": "^4.5.0",
        "lodash.merge": "^4.5.0",
        "parchment": "2.0.0-dev.2",
        "quill-delta": "4.2.2"
      }
    },
    "node_modules/devextreme-showdown": {
      "version": "1.0.1",
      "resolved": "https://registry.npmjs.org/devextreme-showdown/-/devextreme-showdown-1.0.1.tgz",
      "integrity": "sha512-63zsdU3iGDp0E9TibxGwZPlS+l07/VvD/mlgZY30fEqz6J2kCsYCqyNKbhlgIvuz+yMtWcUXVYVOMpA2YBTgEg==",
      "dependencies": {
        "yargs": "^17.2.1"
      },
      "bin": {
        "showdown": "bin/showdown.js"
      }
    },
    "node_modules/domino": {
      "version": "2.1.6",
      "resolved": "https://registry.npmjs.org/domino/-/domino-2.1.6.tgz",
      "integrity": "sha512-3VdM/SXBZX2omc9JF9nOPCtDaYQ67BGp5CoLpIQlO2KCAPETs8TcDHacF26jXadGbvUteZzRTeos2fhID5+ucQ=="
    },
    "node_modules/emoji-regex": {
      "version": "8.0.0",
      "resolved": "https://registry.npmjs.org/emoji-regex/-/emoji-regex-8.0.0.tgz",
      "integrity": "sha512-MSjYzcWNOA0ewAHpz0MxpYFvwg6yjy1NG3xteoqz644VCo/RPgnr1/GGt+ic3iJTzQ8Eu3TdM14SawnVUmGE6A=="
    },
    "node_modules/es6-object-assign": {
      "version": "1.1.0",
      "resolved": "https://registry.npmjs.org/es6-object-assign/-/es6-object-assign-1.1.0.tgz",
      "integrity": "sha512-MEl9uirslVwqQU369iHNWZXsI8yaZYGg/D65aOgZkeyFJwHYSxilf7rQzXKI7DdDuBPrBXbfk3sl9hJhmd5AUw=="
    },
    "node_modules/escalade": {
      "version": "3.1.1",
      "resolved": "https://registry.npmjs.org/escalade/-/escalade-3.1.1.tgz",
      "integrity": "sha512-k0er2gUkLf8O0zKJiAhmkTnJlTvINGv7ygDNPbeIsX/TJjGJZHuh9B2UxbsaEkmlEo9MfhrSzmhIlhRlI2GXnw==",
      "engines": {
        "node": ">=6"
      }
    },
    "node_modules/eventemitter3": {
      "version": "4.0.7",
      "resolved": "https://registry.npmjs.org/eventemitter3/-/eventemitter3-4.0.7.tgz",
      "integrity": "sha512-8guHBZCwKnFhYdHr2ysuRWErTwhoN2X8XELRlrRwpmfeY2jjuUN4taQMsULKUVo1K4DvZl+0pgfyoysHxvmvEw=="
    },
    "node_modules/fast-diff": {
      "version": "1.2.0",
      "resolved": "https://registry.npmjs.org/fast-diff/-/fast-diff-1.2.0.tgz",
      "integrity": "sha512-xJuoT5+L99XlZ8twedaRf6Ax2TgQVxvgZOYoPKqZufmJib0tL2tegPBOZb1pVNgIhlqDlA0eO0c3wBvQcmzx4w=="
    },
    "node_modules/get-caller-file": {
      "version": "2.0.5",
      "resolved": "https://registry.npmjs.org/get-caller-file/-/get-caller-file-2.0.5.tgz",
      "integrity": "sha512-DyFP3BM/3YHTQOCUL/w0OZHR0lpKeGrxotcHWcqNEdnltqFwXVfhEBQ94eIo34AfQpo0rGki4cyIiftY06h2Fg==",
      "engines": {
        "node": "6.* || 8.* || >= 10.*"
      }
    },
    "node_modules/immediate": {
      "version": "3.0.6",
      "resolved": "https://registry.npmjs.org/immediate/-/immediate-3.0.6.tgz",
      "integrity": "sha1-nbHb0Pr43m++D13V5Wu2BigN5ps="
    },
    "node_modules/inferno": {
      "version": "7.4.11",
      "resolved": "https://registry.npmjs.org/inferno/-/inferno-7.4.11.tgz",
      "integrity": "sha512-N+cs33ESWI8fdToCd98yMRYl7jkLnCkJskxov3FKKlaKOvk3PRlAttbhmUaYdWXlRvt2WeXi+J4MbzNj3V6G0w==",
      "hasInstallScript": true,
      "dependencies": {
        "inferno-shared": "7.4.11",
        "inferno-vnode-flags": "7.4.11",
        "opencollective-postinstall": "^2.0.3"
      }
    },
    "node_modules/inferno-clone-vnode": {
      "version": "7.4.11",
      "resolved": "https://registry.npmjs.org/inferno-clone-vnode/-/inferno-clone-vnode-7.4.11.tgz",
      "integrity": "sha512-6/newyzWO/lrwcA9q5DBAfslccPWqhpgrDQg/wWiHKZwRBe1kJjtiALsR+/1wLq1Z+YO3L1MPnlEnFu+nltUbA==",
      "dependencies": {
        "inferno": "7.4.11"
      }
    },
    "node_modules/inferno-compat": {
      "version": "7.4.11",
      "resolved": "https://registry.npmjs.org/inferno-compat/-/inferno-compat-7.4.11.tgz",
      "integrity": "sha512-gaF5yL6CpN1DckVzMN/eiPZqlkWIMjWtr6BCBJbpUF+hXE5bJ60xNrtTFNsu2ChbYtO96UPqUNfC2VBRMz+k9Q==",
      "dependencies": {
        "inferno": "7.4.11",
        "inferno-clone-vnode": "7.4.11",
        "inferno-create-class": "7.4.11",
        "inferno-create-element": "7.4.11",
        "inferno-extras": "7.4.11"
      }
    },
    "node_modules/inferno-create-class": {
      "version": "7.4.11",
      "resolved": "https://registry.npmjs.org/inferno-create-class/-/inferno-create-class-7.4.11.tgz",
      "integrity": "sha512-03Z3Az7xOnMHq39QxMqns0NwOt8b7gW+fu50iKK4bRkgEy8Zaa5TH8hYDJ7dAwzDR6BbQ6kCyTXfVPPeQShdvA==",
      "dependencies": {
        "inferno": "7.4.11"
      }
    },
    "node_modules/inferno-create-element": {
      "version": "7.4.11",
      "resolved": "https://registry.npmjs.org/inferno-create-element/-/inferno-create-element-7.4.11.tgz",
      "integrity": "sha512-kE6XIx2hPAd5qpDli2iGjNXgubvuyxdLvoiW71WnSzIIxA+Uxa/s8lY8m03VyHHVypFV3n329ZY5dFvKc7UQMg==",
      "dependencies": {
        "inferno": "7.4.11"
      }
    },
    "node_modules/inferno-extras": {
      "version": "7.4.11",
      "resolved": "https://registry.npmjs.org/inferno-extras/-/inferno-extras-7.4.11.tgz",
      "integrity": "sha512-JS/irXQozH98zVDx7TEdhzPoRxVBrNFrDjZwQeZMV4wKEh1fqwSh4OBjlhBX6J4u+7UhZoGxx0KqlH1nky+fNQ==",
      "dependencies": {
        "inferno": "7.4.11"
      }
    },
    "node_modules/inferno-hydrate": {
      "version": "7.4.11",
      "resolved": "https://registry.npmjs.org/inferno-hydrate/-/inferno-hydrate-7.4.11.tgz",
      "integrity": "sha512-hF9Ke4GHAkj8GQrMXBZPfsUqhq6WjkoDCAfXhPBuF1Wiceqyy8KerOOXEnuocHky77fuEXq0AzVnQcC064Bkfw==",
      "dependencies": {
        "inferno": "7.4.11"
      }
    },
    "node_modules/inferno-shared": {
      "version": "7.4.11",
      "resolved": "https://registry.npmjs.org/inferno-shared/-/inferno-shared-7.4.11.tgz",
      "integrity": "sha512-pN725bDSTxkQmRS3e/3H02/xAqgHl+xgddCMjPm8M0etRdRcVCisi3NGPhzSbDDmiftrxhY31exs7+dwsngcDA=="
    },
    "node_modules/inferno-vnode-flags": {
      "version": "7.4.11",
      "resolved": "https://registry.npmjs.org/inferno-vnode-flags/-/inferno-vnode-flags-7.4.11.tgz",
      "integrity": "sha512-L7lslEQCq3IfwgT/b9zhuMf8fv6KXCNXXHZevk/WYxnqJsOWGDcKpJn0zkzXfvmj0otbB149iLUQVBq3oe2sfA=="
    },
    "node_modules/inherits": {
      "version": "2.0.4",
      "resolved": "https://registry.npmjs.org/inherits/-/inherits-2.0.4.tgz",
      "integrity": "sha512-k/vGaX4/Yla3WzyMCvTQOXYeIHvqOKtnqBduzTHpzpQZzAskKMhZ2K+EnBiSM9zGSoIFeMpXKxa4dYeZIQqewQ=="
    },
    "node_modules/is-fullwidth-code-point": {
      "version": "3.0.0",
      "resolved": "https://registry.npmjs.org/is-fullwidth-code-point/-/is-fullwidth-code-point-3.0.0.tgz",
      "integrity": "sha512-zymm5+u+sCsSWyD9qNaejV3DFvhCKclKdizYaJUuHA83RLjb7nSuGnddCHGv0hk+KY7BMAlsWeK4Ueg6EV6XQg==",
      "engines": {
        "node": ">=8"
      }
    },
    "node_modules/isarray": {
      "version": "1.0.0",
      "resolved": "https://registry.npmjs.org/isarray/-/isarray-1.0.0.tgz",
      "integrity": "sha1-u5NdSFgsuhaMBoNJV6VKPgcSTxE="
    },
    "node_modules/jquery": {
      "version": "3.6.1",
      "resolved": "https://registry.npmjs.org/jquery/-/jquery-3.6.1.tgz",
      "integrity": "sha512-opJeO4nCucVnsjiXOE+/PcCgYw9Gwpvs/a6B1LL/lQhwWwpbVEVYDZ1FokFr8PRc7ghYlrFPuyHuiiDNTQxmcw=="
    },
    "node_modules/jszip": {
      "version": "3.7.1",
      "resolved": "https://registry.npmjs.org/jszip/-/jszip-3.7.1.tgz",
      "integrity": "sha512-ghL0tz1XG9ZEmRMcEN2vt7xabrDdqHHeykgARpmZ0BiIctWxM47Vt63ZO2dnp4QYt/xJVLLy5Zv1l/xRdh2byg==",
      "dependencies": {
        "lie": "~3.3.0",
        "pako": "~1.0.2",
        "readable-stream": "~2.3.6",
        "set-immediate-shim": "~1.0.1"
      }
    },
    "node_modules/lie": {
      "version": "3.3.0",
      "resolved": "https://registry.npmjs.org/lie/-/lie-3.3.0.tgz",
      "integrity": "sha512-UaiMJzeWRlEujzAuw5LokY1L5ecNQYZKfmyZ9L7wDHb/p5etKaxXhohBcrw0EYby+G/NA52vRSN4N39dxHAIwQ==",
      "dependencies": {
        "immediate": "~3.0.5"
      }
    },
    "node_modules/lodash.clonedeep": {
      "version": "4.5.0",
      "resolved": "https://registry.npmjs.org/lodash.clonedeep/-/lodash.clonedeep-4.5.0.tgz",
      "integrity": "sha512-H5ZhCF25riFd9uB5UCkVKo61m3S/xZk1x4wA6yp/L3RFP6Z/eHH1ymQcGLo7J3GMPfm0V/7m1tryHuGVxpqEBQ=="
    },
    "node_modules/lodash.isequal": {
      "version": "4.5.0",
      "resolved": "https://registry.npmjs.org/lodash.isequal/-/lodash.isequal-4.5.0.tgz",
      "integrity": "sha512-pDo3lu8Jhfjqls6GkMgpahsF9kCyayhgykjyLMNFTKWrpVdAQtYyB4muAMWozBB4ig/dtWAmsMxLEI8wuz+DYQ=="
    },
    "node_modules/lodash.merge": {
      "version": "4.6.2",
      "resolved": "https://registry.npmjs.org/lodash.merge/-/lodash.merge-4.6.2.tgz",
      "integrity": "sha512-0KpjqXRVvrYyCsX1swR/XTK0va6VQkQM6MNo7PqW77ByjAhoARA8EfrP1N4+KlKj8YS0ZUCtRT/YUuhyYDujIQ=="
    },
    "node_modules/luxon": {
      "version": "1.27.0",
      "resolved": "https://registry.npmjs.org/luxon/-/luxon-1.27.0.tgz",
      "integrity": "sha512-VKsFsPggTA0DvnxtJdiExAucKdAnwbCCNlMM5ENvHlxubqWd0xhZcdb4XgZ7QFNhaRhilXCFxHuoObP5BNA4PA==",
      "optional": true,
      "engines": {
        "node": "*"
      }
    },
    "node_modules/opencollective-postinstall": {
      "version": "2.0.3",
      "resolved": "https://registry.npmjs.org/opencollective-postinstall/-/opencollective-postinstall-2.0.3.tgz",
      "integrity": "sha512-8AV/sCtuzUeTo8gQK5qDZzARrulB3egtLzFgteqB2tcT4Mw7B8Kt7JcDHmltjz6FOAHsvTevk70gZEbhM4ZS9Q==",
      "bin": {
        "opencollective-postinstall": "index.js"
      }
    },
    "node_modules/pako": {
      "version": "1.0.11",
      "resolved": "https://registry.npmjs.org/pako/-/pako-1.0.11.tgz",
      "integrity": "sha512-4hLB8Py4zZce5s4yd9XzopqwVv/yGNhV1Bl8NTmCq1763HeK2+EwVTv+leGeL13Dnh2wfbqowVPXCIO0z4taYw=="
    },
    "node_modules/parchment": {
      "version": "2.0.0-dev.2",
      "resolved": "https://registry.npmjs.org/parchment/-/parchment-2.0.0-dev.2.tgz",
      "integrity": "sha512-4fgRny4pPISoML08Zp7poi52Dff3E2G1ORTi2D/acJ/RiROdDAMDB6VcQNfBcmehrX5Wixp6dxh6JjLyE5yUNQ=="
    },
    "node_modules/process-nextick-args": {
      "version": "2.0.1",
      "resolved": "https://registry.npmjs.org/process-nextick-args/-/process-nextick-args-2.0.1.tgz",
      "integrity": "sha512-3ouUOpQhtgrbOa17J7+uxOTpITYWaGP7/AhoR3+A+/1e9skrzelGi/dXzEYyvbxubEF6Wn2ypscTKiKJFFn1ag=="
    },
    "node_modules/quill-delta": {
      "version": "4.2.2",
      "resolved": "https://registry.npmjs.org/quill-delta/-/quill-delta-4.2.2.tgz",
      "integrity": "sha512-qjbn82b/yJzOjstBgkhtBjN2TNK+ZHP/BgUQO+j6bRhWQQdmj2lH6hXG7+nwwLF41Xgn//7/83lxs9n2BkTtTg==",
      "dependencies": {
        "fast-diff": "1.2.0",
        "lodash.clonedeep": "^4.5.0",
        "lodash.isequal": "^4.5.0"
      }
    },
    "node_modules/readable-stream": {
      "version": "2.3.7",
      "resolved": "https://registry.npmjs.org/readable-stream/-/readable-stream-2.3.7.tgz",
      "integrity": "sha512-Ebho8K4jIbHAxnuxi7o42OrZgF/ZTNcsZj6nRKyUmkhLFq8CHItp/fy6hQZuZmP/n3yZ9VBUbp4zz/mX8hmYPw==",
      "dependencies": {
        "core-util-is": "~1.0.0",
        "inherits": "~2.0.3",
        "isarray": "~1.0.0",
        "process-nextick-args": "~2.0.0",
        "safe-buffer": "~5.1.1",
        "string_decoder": "~1.1.1",
        "util-deprecate": "~1.0.1"
      }
    },
    "node_modules/regenerator-runtime": {
      "version": "0.13.9",
      "resolved": "https://registry.npmjs.org/regenerator-runtime/-/regenerator-runtime-0.13.9.tgz",
      "integrity": "sha512-p3VT+cOEgxFsRRA9X4lkI1E+k2/CtnKtU4gcxyaCUreilL/vqI6CdZ3wxVUx3UOUg+gnUOQQcRI7BmSI656MYA=="
    },
    "node_modules/require-directory": {
      "version": "2.1.1",
      "resolved": "https://registry.npmjs.org/require-directory/-/require-directory-2.1.1.tgz",
      "integrity": "sha512-fGxEI7+wsG9xrvdjsrlmL22OMTTiHRwAMroiEeMgq8gzoLC/PQr7RsRDSTLUg/bZAZtF+TVIkHc6/4RIKrui+Q==",
      "engines": {
        "node": ">=0.10.0"
      }
    },
    "node_modules/rrule": {
      "version": "2.6.6",
      "resolved": "https://registry.npmjs.org/rrule/-/rrule-2.6.6.tgz",
      "integrity": "sha512-h6tb/hRo9SNv8xKjcvsEfdmhXvElMXsU3Yz0KmqMehUqxP6a4Qjmth2EuL1FsjdawADjajLS0eBbWfsZzn3SIw==",
      "dependencies": {
        "tslib": "^1.10.0"
      },
      "optionalDependencies": {
        "luxon": "^1.21.3"
      }
    },
    "node_modules/rrule/node_modules/tslib": {
      "version": "1.14.1",
      "resolved": "https://registry.npmjs.org/tslib/-/tslib-1.14.1.tgz",
      "integrity": "sha512-Xni35NKzjgMrwevysHTCArtLDpPvye8zV/0E4EyYn43P7/7qvQwPh9BGkHewbMulVntbigmcT7rdX3BNo9wRJg=="
    },
    "node_modules/safe-buffer": {
      "version": "5.1.2",
      "resolved": "https://registry.npmjs.org/safe-buffer/-/safe-buffer-5.1.2.tgz",
      "integrity": "sha512-Gd2UZBJDkXlY7GbJxfsE8/nvKkUEU1G38c1siN6QP6a9PT9MmHB8GnpscSmMJSoF8LOIrt8ud/wPtojys4G6+g=="
    },
    "node_modules/set-immediate-shim": {
      "version": "1.0.1",
      "resolved": "https://registry.npmjs.org/set-immediate-shim/-/set-immediate-shim-1.0.1.tgz",
      "integrity": "sha1-SysbJ+uAip+NzEgaWOXlb1mfP2E=",
      "engines": {
        "node": ">=0.10.0"
      }
    },
    "node_modules/string_decoder": {
      "version": "1.1.1",
      "resolved": "https://registry.npmjs.org/string_decoder/-/string_decoder-1.1.1.tgz",
      "integrity": "sha512-n/ShnvDi6FHbbVfviro+WojiFzv+s8MPMHBczVePfUpDJLwoLT0ht1l4YwBCbi8pJAveEEdnkHyPyTP/mzRfwg==",
      "dependencies": {
        "safe-buffer": "~5.1.0"
      }
    },
    "node_modules/string-width": {
      "version": "4.2.3",
      "resolved": "https://registry.npmjs.org/string-width/-/string-width-4.2.3.tgz",
      "integrity": "sha512-wKyQRQpjJ0sIp62ErSZdGsjMJWsap5oRNihHhu6G7JVO/9jIB6UyevL+tXuOqrng8j/cxKTWyWUwvSTriiZz/g==",
      "dependencies": {
        "emoji-regex": "^8.0.0",
        "is-fullwidth-code-point": "^3.0.0",
        "strip-ansi": "^6.0.1"
      },
      "engines": {
        "node": ">=8"
      }
    },
    "node_modules/strip-ansi": {
      "version": "6.0.1",
      "resolved": "https://registry.npmjs.org/strip-ansi/-/strip-ansi-6.0.1.tgz",
      "integrity": "sha512-Y38VPSHcqkFrCpFnQ9vuSXmquuv5oXOKpGeT6aGrr3o3Gc9AlVa6JBfUSOCnbxGGZF+/0ooI7KrPuUSztUdU5A==",
      "dependencies": {
        "ansi-regex": "^5.0.1"
      },
      "engines": {
        "node": ">=8"
      }
    },
    "node_modules/tslib": {
      "version": "2.0.1",
      "resolved": "https://registry.npmjs.org/tslib/-/tslib-2.0.1.tgz",
      "integrity": "sha512-SgIkNheinmEBgx1IUNirK0TUD4X9yjjBRTqqjggWCU3pUEqIk3/Uwl3yRixYKT6WjQuGiwDv4NomL3wqRCj+CQ=="
    },
    "node_modules/turndown": {
      "version": "7.1.1",
      "resolved": "https://registry.npmjs.org/turndown/-/turndown-7.1.1.tgz",
      "integrity": "sha512-BEkXaWH7Wh7e9bd2QumhfAXk5g34+6QUmmWx+0q6ThaVOLuLUqsnkq35HQ5SBHSaxjSfSM7US5o4lhJNH7B9MA==",
      "dependencies": {
        "domino": "^2.1.6"
      }
    },
    "node_modules/util-deprecate": {
      "version": "1.0.2",
      "resolved": "https://registry.npmjs.org/util-deprecate/-/util-deprecate-1.0.2.tgz",
      "integrity": "sha1-RQ1Nyfpw3nMnYvvS1KKJgUGaDM8="
    },
    "node_modules/wrap-ansi": {
      "version": "7.0.0",
      "resolved": "https://registry.npmjs.org/wrap-ansi/-/wrap-ansi-7.0.0.tgz",
      "integrity": "sha512-YVGIj2kamLSTxw6NsZjoBxfSwsn0ycdesmc4p+Q21c5zPuZ1pl+NfxVdxPtdHvmNVOQ6XSYG4AUtyt/Fi7D16Q==",
      "dependencies": {
        "ansi-styles": "^4.0.0",
        "string-width": "^4.1.0",
        "strip-ansi": "^6.0.0"
      },
      "engines": {
        "node": ">=10"
      },
      "funding": {
        "url": "https://github.com/chalk/wrap-ansi?sponsor=1"
      }
    },
    "node_modules/y18n": {
      "version": "5.0.8",
      "resolved": "https://registry.npmjs.org/y18n/-/y18n-5.0.8.tgz",
      "integrity": "sha512-0pfFzegeDWJHJIAmTLRP2DwHjdF5s7jo9tuztdQxAhINCdvS+3nGINqPd00AphqJR/0LhANUS6/+7SCb98YOfA==",
      "engines": {
        "node": ">=10"
      }
    },
    "node_modules/yargs": {
      "version": "17.6.0",
      "resolved": "https://registry.npmjs.org/yargs/-/yargs-17.6.0.tgz",
      "integrity": "sha512-8H/wTDqlSwoSnScvV2N/JHfLWOKuh5MVla9hqLjK3nsfyy6Y4kDSYSvkU5YCUEPOSnRXfIyx3Sq+B/IWudTo4g==",
      "dependencies": {
        "cliui": "^8.0.1",
        "escalade": "^3.1.1",
        "get-caller-file": "^2.0.5",
        "require-directory": "^2.1.1",
        "string-width": "^4.2.3",
        "y18n": "^5.0.5",
        "yargs-parser": "^21.0.0"
      },
      "engines": {
        "node": ">=12"
      }
    },
    "node_modules/yargs-parser": {
      "version": "21.1.1",
      "resolved": "https://registry.npmjs.org/yargs-parser/-/yargs-parser-21.1.1.tgz",
      "integrity": "sha512-tVpsJW7DdjecAiFpbIB1e3qxIQsE6NoPc5/eTdrbbIC4h0LVsWhnoa3g+m2HclBIujHzsxZ4VJVA+GUuc2/LBw==",
      "engines": {
        "node": ">=12"
      }
    }
  },
  "dependencies": {
    "@babel/runtime": {
      "version": "7.19.0",
      "resolved": "https://registry.npmjs.org/@babel/runtime/-/runtime-7.19.0.tgz",
      "integrity": "sha512-eR8Lo9hnDS7tqkO7NsV+mKvCmv5boaXFSZ70DnfhcgiEne8hv9oCEd36Klw74EtizEqLsy4YnW8UWwpBVolHZA==",
      "requires": {
        "regenerator-runtime": "^0.13.4"
      }
    },
    "@devexpress/utils": {
      "version": "1.3.16",
      "resolved": "https://registry.npmjs.org/@devexpress/utils/-/utils-1.3.16.tgz",
      "integrity": "sha512-4Az8FUtvesew89j6N7zmDGfZQyHicvSwVoPZMmxRPvz2u4UiLpI/LDD0zuzLYWsLa8pr+SsJ3JRIKmhlcDAsgA==",
      "requires": {
        "tslib": "2.0.1"
      }
    },
    "@devextreme/runtime": {
      "version": "3.0.11",
      "resolved": "https://registry.npmjs.org/@devextreme/runtime/-/runtime-3.0.11.tgz",
      "integrity": "sha512-j17t+7Uv2iji9YKSzoArw8TyYCjRBWKFRjUyQrog77Z9CVUsQnv2kI7MVNHKjmQgD/aTnHvb57dYq9UL6HesLw==",
      "requires": {
        "inferno": "^7.4.6",
        "inferno-create-element": "^7.4.6",
        "inferno-hydrate": "^7.4.6"
      }
    },
    "ansi-regex": {
      "version": "5.0.1",
      "resolved": "https://registry.npmjs.org/ansi-regex/-/ansi-regex-5.0.1.tgz",
      "integrity": "sha512-quJQXlTSUGL2LH9SUXo8VwsY4soanhgo6LNSm84E1LBcE8s3O0wpdiRzyR9z/ZZJMlMWv37qOOb9pdJlMUEKFQ=="
    },
    "ansi-styles": {
      "version": "4.3.0",
      "resolved": "https://registry.npmjs.org/ansi-styles/-/ansi-styles-4.3.0.tgz",
      "integrity": "sha512-zbB9rCJAT1rbjiVDb2hqKFHNYLxgtk8NURxZ3IZwD3F6NtxbXZQCnnSi1Lkx+IDohdPlFp222wVALIheZJQSEg==",
      "requires": {
        "color-convert": "^2.0.1"
      }
    },
    "cliui": {
      "version": "8.0.1",
      "resolved": "https://registry.npmjs.org/cliui/-/cliui-8.0.1.tgz",
      "integrity": "sha512-BSeNnyus75C4//NQ9gQt1/csTXyo/8Sb+afLAkzAptFuMsod9HFokGNudZpi/oQV73hnVK+sR+5PVRMd+Dr7YQ==",
      "requires": {
        "string-width": "^4.2.0",
        "strip-ansi": "^6.0.1",
        "wrap-ansi": "^7.0.0"
      }
    },
    "color-convert": {
      "version": "2.0.1",
      "resolved": "https://registry.npmjs.org/color-convert/-/color-convert-2.0.1.tgz",
      "integrity": "sha512-RRECPsj7iu/xb5oKYcsFHSppFNnsj/52OVTRKb4zP5onXwVF3zVmmToNcOfGC+CRDpfK/U584fMg38ZHCaElKQ==",
      "requires": {
        "color-name": "~1.1.4"
      }
    },
    "color-name": {
      "version": "1.1.4",
      "resolved": "https://registry.npmjs.org/color-name/-/color-name-1.1.4.tgz",
      "integrity": "sha512-dOy+3AuW3a2wNbZHIuMZpTcgjGuLU/uBL/ubcZF9OXbDo8ff4O8yVp5Bf0efS8uEoYo5q4Fx7dY9OgQGXgAsQA=="
    },
    "core-js": {
      "version": "3.25.5",
      "resolved": "https://registry.npmjs.org/core-js/-/core-js-3.25.5.tgz",
      "integrity": "sha512-nbm6eZSjm+ZuBQxCUPQKQCoUEfFOXjUZ8dTTyikyKaWrTYmAVbykQfwsKE5dBK88u3QCkCrzsx/PPlKfhsvgpw=="
    },
    "core-util-is": {
      "version": "1.0.2",
      "resolved": "https://registry.npmjs.org/core-util-is/-/core-util-is-1.0.2.tgz",
      "integrity": "sha1-tf1UIgqivFq1eqtxQMlAdUUDwac="
    },
    "devexpress-diagram": {
      "version": "2.1.63",
      "resolved": "https://registry.npmjs.org/devexpress-diagram/-/devexpress-diagram-2.1.63.tgz",
      "integrity": "sha512-zsqt3VFJpIlkW+/N1+GXuZEP2BG1NOirCqItFnbrZZhcNPl5nxr8LnxqiNF7MtOCjgUmCD4MbU7GxShlu9J7JA==",
      "requires": {
        "@devexpress/utils": "1.3.16",
        "es6-object-assign": "^1.1.0"
      }
    },
    "devexpress-gantt": {
      "version": "4.1.32",
      "resolved": "https://registry.npmjs.org/devexpress-gantt/-/devexpress-gantt-4.1.32.tgz",
      "integrity": "sha512-Zeuv1wH3K8fC30R6Azkeu6GemWhR1nhpMqEupyfMk+7rO/WHnqoa1F0oA6lfIzZUDU5RoERRvcZjV65AOzvbWg==",
      "requires": {
        "@devexpress/utils": "1.3.14",
        "tslib": "2.3.1"
      },
      "dependencies": {
        "@devexpress/utils": {
          "version": "1.3.14",
          "resolved": "https://registry.npmjs.org/@devexpress/utils/-/utils-1.3.14.tgz",
          "integrity": "sha512-vJmUq9Rg6wqYPuZ7qvTHBsd6vkGBj5ZCMzNUJIRWIZPuQfGt576cMqDOD68EQyy/5EBqwowtoYgFdQ1a/1iVpA==",
          "requires": {
            "tslib": "2.0.1"
          },
          "dependencies": {
            "tslib": {
              "version": "2.0.1",
              "resolved": "https://registry.npmjs.org/tslib/-/tslib-2.0.1.tgz",
              "integrity": "sha512-SgIkNheinmEBgx1IUNirK0TUD4X9yjjBRTqqjggWCU3pUEqIk3/Uwl3yRixYKT6WjQuGiwDv4NomL3wqRCj+CQ=="
            }
          }
        },
        "tslib": {
          "version": "2.3.1",
          "resolved": "https://registry.npmjs.org/tslib/-/tslib-2.3.1.tgz",
          "integrity": "sha512-77EbyPPpMz+FRFRuAFlWMtmgUWGe9UOG2Z25NqCwiIjRhOf5iKGuzSe5P2w1laq+FkRy4p+PCuVkJSGkzTEKVw=="
        }
      }
    },
    "devextreme": {
      "version": "22.1.5",
      "resolved": "https://registry.npmjs.org/devextreme/-/devextreme-22.1.5.tgz",
      "integrity": "sha512-k4LcbFwoxMmiHundVf6uu93J/Bnysh4wP4QE3KHydAqXcquYeitG1mtnhnV22L2zIzNBMgu2nzKSotP4Srtxgw==",
      "requires": {
        "@babel/runtime": "^7.12.1",
        "@devextreme/runtime": "3.0.11",
        "devexpress-diagram": "2.1.63",
        "devexpress-gantt": "4.1.32",
        "devextreme-quill": "~1.5.16",
        "devextreme-showdown": "^1.0.1",
        "inferno": "^7.4.9",
        "inferno-compat": "^7.4.9",
        "inferno-create-element": "^7.4.9",
        "inferno-hydrate": "^7.4.9",
        "jszip": "^3.7.1",
        "rrule": "2.6.6",
        "turndown": "~7.1.0"
      }
    },
    "devextreme-quill": {
      "version": "1.5.18",
      "resolved": "https://registry.npmjs.org/devextreme-quill/-/devextreme-quill-1.5.18.tgz",
      "integrity": "sha512-qdO+8VnteqMEh/JN7q9cQogH/BZFILcPnR6FO41MiLy1fT84xEqORra7cKYQaiagf3yts934bb0ycWw8zgdFYA==",
      "requires": {
        "core-js": "^3.19.1",
        "eventemitter3": "^4.0.0",
        "lodash.clonedeep": "^4.5.0",
        "lodash.isequal": "^4.5.0",
        "lodash.merge": "^4.5.0",
        "parchment": "2.0.0-dev.2",
        "quill-delta": "4.2.2"
      }
    },
    "devextreme-showdown": {
      "version": "1.0.1",
      "resolved": "https://registry.npmjs.org/devextreme-showdown/-/devextreme-showdown-1.0.1.tgz",
      "integrity": "sha512-63zsdU3iGDp0E9TibxGwZPlS+l07/VvD/mlgZY30fEqz6J2kCsYCqyNKbhlgIvuz+yMtWcUXVYVOMpA2YBTgEg==",
      "requires": {
        "yargs": "^17.2.1"
      }
    },
    "domino": {
      "version": "2.1.6",
      "resolved": "https://registry.npmjs.org/domino/-/domino-2.1.6.tgz",
      "integrity": "sha512-3VdM/SXBZX2omc9JF9nOPCtDaYQ67BGp5CoLpIQlO2KCAPETs8TcDHacF26jXadGbvUteZzRTeos2fhID5+ucQ=="
    },
    "emoji-regex": {
      "version": "8.0.0",
      "resolved": "https://registry.npmjs.org/emoji-regex/-/emoji-regex-8.0.0.tgz",
      "integrity": "sha512-MSjYzcWNOA0ewAHpz0MxpYFvwg6yjy1NG3xteoqz644VCo/RPgnr1/GGt+ic3iJTzQ8Eu3TdM14SawnVUmGE6A=="
    },
    "es6-object-assign": {
      "version": "1.1.0",
      "resolved": "https://registry.npmjs.org/es6-object-assign/-/es6-object-assign-1.1.0.tgz",
      "integrity": "sha512-MEl9uirslVwqQU369iHNWZXsI8yaZYGg/D65aOgZkeyFJwHYSxilf7rQzXKI7DdDuBPrBXbfk3sl9hJhmd5AUw=="
    },
    "escalade": {
      "version": "3.1.1",
      "resolved": "https://registry.npmjs.org/escalade/-/escalade-3.1.1.tgz",
      "integrity": "sha512-k0er2gUkLf8O0zKJiAhmkTnJlTvINGv7ygDNPbeIsX/TJjGJZHuh9B2UxbsaEkmlEo9MfhrSzmhIlhRlI2GXnw=="
    },
    "eventemitter3": {
      "version": "4.0.7",
      "resolved": "https://registry.npmjs.org/eventemitter3/-/eventemitter3-4.0.7.tgz",
      "integrity": "sha512-8guHBZCwKnFhYdHr2ysuRWErTwhoN2X8XELRlrRwpmfeY2jjuUN4taQMsULKUVo1K4DvZl+0pgfyoysHxvmvEw=="
    },
    "fast-diff": {
      "version": "1.2.0",
      "resolved": "https://registry.npmjs.org/fast-diff/-/fast-diff-1.2.0.tgz",
      "integrity": "sha512-xJuoT5+L99XlZ8twedaRf6Ax2TgQVxvgZOYoPKqZufmJib0tL2tegPBOZb1pVNgIhlqDlA0eO0c3wBvQcmzx4w=="
    },
    "get-caller-file": {
      "version": "2.0.5",
      "resolved": "https://registry.npmjs.org/get-caller-file/-/get-caller-file-2.0.5.tgz",
      "integrity": "sha512-DyFP3BM/3YHTQOCUL/w0OZHR0lpKeGrxotcHWcqNEdnltqFwXVfhEBQ94eIo34AfQpo0rGki4cyIiftY06h2Fg=="
    },
    "immediate": {
      "version": "3.0.6",
      "resolved": "https://registry.npmjs.org/immediate/-/immediate-3.0.6.tgz",
      "integrity": "sha1-nbHb0Pr43m++D13V5Wu2BigN5ps="
    },
    "inferno": {
      "version": "7.4.11",
      "resolved": "https://registry.npmjs.org/inferno/-/inferno-7.4.11.tgz",
      "integrity": "sha512-N+cs33ESWI8fdToCd98yMRYl7jkLnCkJskxov3FKKlaKOvk3PRlAttbhmUaYdWXlRvt2WeXi+J4MbzNj3V6G0w==",
      "requires": {
        "inferno-shared": "7.4.11",
        "inferno-vnode-flags": "7.4.11",
        "opencollective-postinstall": "^2.0.3"
      }
    },
    "inferno-clone-vnode": {
      "version": "7.4.11",
      "resolved": "https://registry.npmjs.org/inferno-clone-vnode/-/inferno-clone-vnode-7.4.11.tgz",
      "integrity": "sha512-6/newyzWO/lrwcA9q5DBAfslccPWqhpgrDQg/wWiHKZwRBe1kJjtiALsR+/1wLq1Z+YO3L1MPnlEnFu+nltUbA==",
      "requires": {
        "inferno": "7.4.11"
      }
    },
    "inferno-compat": {
      "version": "7.4.11",
      "resolved": "https://registry.npmjs.org/inferno-compat/-/inferno-compat-7.4.11.tgz",
      "integrity": "sha512-gaF5yL6CpN1DckVzMN/eiPZqlkWIMjWtr6BCBJbpUF+hXE5bJ60xNrtTFNsu2ChbYtO96UPqUNfC2VBRMz+k9Q==",
      "requires": {
        "inferno": "7.4.11",
        "inferno-clone-vnode": "7.4.11",
        "inferno-create-class": "7.4.11",
        "inferno-create-element": "7.4.11",
        "inferno-extras": "7.4.11"
      }
    },
    "inferno-create-class": {
      "version": "7.4.11",
      "resolved": "https://registry.npmjs.org/inferno-create-class/-/inferno-create-class-7.4.11.tgz",
      "integrity": "sha512-03Z3Az7xOnMHq39QxMqns0NwOt8b7gW+fu50iKK4bRkgEy8Zaa5TH8hYDJ7dAwzDR6BbQ6kCyTXfVPPeQShdvA==",
      "requires": {
        "inferno": "7.4.11"
      }
    },
    "inferno-create-element": {
      "version": "7.4.11",
      "resolved": "https://registry.npmjs.org/inferno-create-element/-/inferno-create-element-7.4.11.tgz",
      "integrity": "sha512-kE6XIx2hPAd5qpDli2iGjNXgubvuyxdLvoiW71WnSzIIxA+Uxa/s8lY8m03VyHHVypFV3n329ZY5dFvKc7UQMg==",
      "requires": {
        "inferno": "7.4.11"
      }
    },
    "inferno-extras": {
      "version": "7.4.11",
      "resolved": "https://registry.npmjs.org/inferno-extras/-/inferno-extras-7.4.11.tgz",
      "integrity": "sha512-JS/irXQozH98zVDx7TEdhzPoRxVBrNFrDjZwQeZMV4wKEh1fqwSh4OBjlhBX6J4u+7UhZoGxx0KqlH1nky+fNQ==",
      "requires": {
        "inferno": "7.4.11"
      }
    },
    "inferno-hydrate": {
      "version": "7.4.11",
      "resolved": "https://registry.npmjs.org/inferno-hydrate/-/inferno-hydrate-7.4.11.tgz",
      "integrity": "sha512-hF9Ke4GHAkj8GQrMXBZPfsUqhq6WjkoDCAfXhPBuF1Wiceqyy8KerOOXEnuocHky77fuEXq0AzVnQcC064Bkfw==",
      "requires": {
        "inferno": "7.4.11"
      }
    },
    "inferno-shared": {
      "version": "7.4.11",
      "resolved": "https://registry.npmjs.org/inferno-shared/-/inferno-shared-7.4.11.tgz",
      "integrity": "sha512-pN725bDSTxkQmRS3e/3H02/xAqgHl+xgddCMjPm8M0etRdRcVCisi3NGPhzSbDDmiftrxhY31exs7+dwsngcDA=="
    },
    "inferno-vnode-flags": {
      "version": "7.4.11",
      "resolved": "https://registry.npmjs.org/inferno-vnode-flags/-/inferno-vnode-flags-7.4.11.tgz",
      "integrity": "sha512-L7lslEQCq3IfwgT/b9zhuMf8fv6KXCNXXHZevk/WYxnqJsOWGDcKpJn0zkzXfvmj0otbB149iLUQVBq3oe2sfA=="
    },
    "inherits": {
      "version": "2.0.4",
      "resolved": "https://registry.npmjs.org/inherits/-/inherits-2.0.4.tgz",
      "integrity": "sha512-k/vGaX4/Yla3WzyMCvTQOXYeIHvqOKtnqBduzTHpzpQZzAskKMhZ2K+EnBiSM9zGSoIFeMpXKxa4dYeZIQqewQ=="
    },
    "is-fullwidth-code-point": {
      "version": "3.0.0",
      "resolved": "https://registry.npmjs.org/is-fullwidth-code-point/-/is-fullwidth-code-point-3.0.0.tgz",
      "integrity": "sha512-zymm5+u+sCsSWyD9qNaejV3DFvhCKclKdizYaJUuHA83RLjb7nSuGnddCHGv0hk+KY7BMAlsWeK4Ueg6EV6XQg=="
    },
    "isarray": {
      "version": "1.0.0",
      "resolved": "https://registry.npmjs.org/isarray/-/isarray-1.0.0.tgz",
      "integrity": "sha1-u5NdSFgsuhaMBoNJV6VKPgcSTxE="
    },
    "jquery": {
      "version": "3.6.1",
      "resolved": "https://registry.npmjs.org/jquery/-/jquery-3.6.1.tgz",
      "integrity": "sha512-opJeO4nCucVnsjiXOE+/PcCgYw9Gwpvs/a6B1LL/lQhwWwpbVEVYDZ1FokFr8PRc7ghYlrFPuyHuiiDNTQxmcw=="
    },
    "jszip": {
      "version": "3.7.1",
      "resolved": "https://registry.npmjs.org/jszip/-/jszip-3.7.1.tgz",
      "integrity": "sha512-ghL0tz1XG9ZEmRMcEN2vt7xabrDdqHHeykgARpmZ0BiIctWxM47Vt63ZO2dnp4QYt/xJVLLy5Zv1l/xRdh2byg==",
      "requires": {
        "lie": "~3.3.0",
        "pako": "~1.0.2",
        "readable-stream": "~2.3.6",
        "set-immediate-shim": "~1.0.1"
      }
    },
    "lie": {
      "version": "3.3.0",
      "resolved": "https://registry.npmjs.org/lie/-/lie-3.3.0.tgz",
      "integrity": "sha512-UaiMJzeWRlEujzAuw5LokY1L5ecNQYZKfmyZ9L7wDHb/p5etKaxXhohBcrw0EYby+G/NA52vRSN4N39dxHAIwQ==",
      "requires": {
        "immediate": "~3.0.5"
      }
    },
    "lodash.clonedeep": {
      "version": "4.5.0",
      "resolved": "https://registry.npmjs.org/lodash.clonedeep/-/lodash.clonedeep-4.5.0.tgz",
      "integrity": "sha512-H5ZhCF25riFd9uB5UCkVKo61m3S/xZk1x4wA6yp/L3RFP6Z/eHH1ymQcGLo7J3GMPfm0V/7m1tryHuGVxpqEBQ=="
    },
    "lodash.isequal": {
      "version": "4.5.0",
      "resolved": "https://registry.npmjs.org/lodash.isequal/-/lodash.isequal-4.5.0.tgz",
      "integrity": "sha512-pDo3lu8Jhfjqls6GkMgpahsF9kCyayhgykjyLMNFTKWrpVdAQtYyB4muAMWozBB4ig/dtWAmsMxLEI8wuz+DYQ=="
    },
    "lodash.merge": {
      "version": "4.6.2",
      "resolved": "https://registry.npmjs.org/lodash.merge/-/lodash.merge-4.6.2.tgz",
      "integrity": "sha512-0KpjqXRVvrYyCsX1swR/XTK0va6VQkQM6MNo7PqW77ByjAhoARA8EfrP1N4+KlKj8YS0ZUCtRT/YUuhyYDujIQ=="
    },
    "luxon": {
      "version": "1.27.0",
      "resolved": "https://registry.npmjs.org/luxon/-/luxon-1.27.0.tgz",
      "integrity": "sha512-VKsFsPggTA0DvnxtJdiExAucKdAnwbCCNlMM5ENvHlxubqWd0xhZcdb4XgZ7QFNhaRhilXCFxHuoObP5BNA4PA==",
      "optional": true
    },
    "opencollective-postinstall": {
      "version": "2.0.3",
      "resolved": "https://registry.npmjs.org/opencollective-postinstall/-/opencollective-postinstall-2.0.3.tgz",
      "integrity": "sha512-8AV/sCtuzUeTo8gQK5qDZzARrulB3egtLzFgteqB2tcT4Mw7B8Kt7JcDHmltjz6FOAHsvTevk70gZEbhM4ZS9Q=="
    },
    "pako": {
      "version": "1.0.11",
      "resolved": "https://registry.npmjs.org/pako/-/pako-1.0.11.tgz",
      "integrity": "sha512-4hLB8Py4zZce5s4yd9XzopqwVv/yGNhV1Bl8NTmCq1763HeK2+EwVTv+leGeL13Dnh2wfbqowVPXCIO0z4taYw=="
    },
    "parchment": {
      "version": "2.0.0-dev.2",
      "resolved": "https://registry.npmjs.org/parchment/-/parchment-2.0.0-dev.2.tgz",
      "integrity": "sha512-4fgRny4pPISoML08Zp7poi52Dff3E2G1ORTi2D/acJ/RiROdDAMDB6VcQNfBcmehrX5Wixp6dxh6JjLyE5yUNQ=="
    },
    "process-nextick-args": {
      "version": "2.0.1",
      "resolved": "https://registry.npmjs.org/process-nextick-args/-/process-nextick-args-2.0.1.tgz",
      "integrity": "sha512-3ouUOpQhtgrbOa17J7+uxOTpITYWaGP7/AhoR3+A+/1e9skrzelGi/dXzEYyvbxubEF6Wn2ypscTKiKJFFn1ag=="
    },
    "quill-delta": {
      "version": "4.2.2",
      "resolved": "https://registry.npmjs.org/quill-delta/-/quill-delta-4.2.2.tgz",
      "integrity": "sha512-qjbn82b/yJzOjstBgkhtBjN2TNK+ZHP/BgUQO+j6bRhWQQdmj2lH6hXG7+nwwLF41Xgn//7/83lxs9n2BkTtTg==",
      "requires": {
        "fast-diff": "1.2.0",
        "lodash.clonedeep": "^4.5.0",
        "lodash.isequal": "^4.5.0"
      }
    },
    "readable-stream": {
      "version": "2.3.7",
      "resolved": "https://registry.npmjs.org/readable-stream/-/readable-stream-2.3.7.tgz",
      "integrity": "sha512-Ebho8K4jIbHAxnuxi7o42OrZgF/ZTNcsZj6nRKyUmkhLFq8CHItp/fy6hQZuZmP/n3yZ9VBUbp4zz/mX8hmYPw==",
      "requires": {
        "core-util-is": "~1.0.0",
        "inherits": "~2.0.3",
        "isarray": "~1.0.0",
        "process-nextick-args": "~2.0.0",
        "safe-buffer": "~5.1.1",
        "string_decoder": "~1.1.1",
        "util-deprecate": "~1.0.1"
      }
    },
    "regenerator-runtime": {
      "version": "0.13.9",
      "resolved": "https://registry.npmjs.org/regenerator-runtime/-/regenerator-runtime-0.13.9.tgz",
      "integrity": "sha512-p3VT+cOEgxFsRRA9X4lkI1E+k2/CtnKtU4gcxyaCUreilL/vqI6CdZ3wxVUx3UOUg+gnUOQQcRI7BmSI656MYA=="
    },
    "require-directory": {
      "version": "2.1.1",
      "resolved": "https://registry.npmjs.org/require-directory/-/require-directory-2.1.1.tgz",
      "integrity": "sha512-fGxEI7+wsG9xrvdjsrlmL22OMTTiHRwAMroiEeMgq8gzoLC/PQr7RsRDSTLUg/bZAZtF+TVIkHc6/4RIKrui+Q=="
    },
    "rrule": {
      "version": "2.6.6",
      "resolved": "https://registry.npmjs.org/rrule/-/rrule-2.6.6.tgz",
      "integrity": "sha512-h6tb/hRo9SNv8xKjcvsEfdmhXvElMXsU3Yz0KmqMehUqxP6a4Qjmth2EuL1FsjdawADjajLS0eBbWfsZzn3SIw==",
      "requires": {
        "luxon": "^1.21.3",
        "tslib": "^1.10.0"
      },
      "dependencies": {
        "tslib": {
          "version": "1.14.1",
          "resolved": "https://registry.npmjs.org/tslib/-/tslib-1.14.1.tgz",
          "integrity": "sha512-Xni35NKzjgMrwevysHTCArtLDpPvye8zV/0E4EyYn43P7/7qvQwPh9BGkHewbMulVntbigmcT7rdX3BNo9wRJg=="
        }
      }
    },
    "safe-buffer": {
      "version": "5.1.2",
      "resolved": "https://registry.npmjs.org/safe-buffer/-/safe-buffer-5.1.2.tgz",
      "integrity": "sha512-Gd2UZBJDkXlY7GbJxfsE8/nvKkUEU1G38c1siN6QP6a9PT9MmHB8GnpscSmMJSoF8LOIrt8ud/wPtojys4G6+g=="
    },
    "set-immediate-shim": {
      "version": "1.0.1",
      "resolved": "https://registry.npmjs.org/set-immediate-shim/-/set-immediate-shim-1.0.1.tgz",
      "integrity": "sha1-SysbJ+uAip+NzEgaWOXlb1mfP2E="
    },
    "string_decoder": {
      "version": "1.1.1",
      "resolved": "https://registry.npmjs.org/string_decoder/-/string_decoder-1.1.1.tgz",
      "integrity": "sha512-n/ShnvDi6FHbbVfviro+WojiFzv+s8MPMHBczVePfUpDJLwoLT0ht1l4YwBCbi8pJAveEEdnkHyPyTP/mzRfwg==",
      "requires": {
        "safe-buffer": "~5.1.0"
      }
    },
    "string-width": {
      "version": "4.2.3",
      "resolved": "https://registry.npmjs.org/string-width/-/string-width-4.2.3.tgz",
      "integrity": "sha512-wKyQRQpjJ0sIp62ErSZdGsjMJWsap5oRNihHhu6G7JVO/9jIB6UyevL+tXuOqrng8j/cxKTWyWUwvSTriiZz/g==",
      "requires": {
        "emoji-regex": "^8.0.0",
        "is-fullwidth-code-point": "^3.0.0",
        "strip-ansi": "^6.0.1"
      }
    },
    "strip-ansi": {
      "version": "6.0.1",
      "resolved": "https://registry.npmjs.org/strip-ansi/-/strip-ansi-6.0.1.tgz",
      "integrity": "sha512-Y38VPSHcqkFrCpFnQ9vuSXmquuv5oXOKpGeT6aGrr3o3Gc9AlVa6JBfUSOCnbxGGZF+/0ooI7KrPuUSztUdU5A==",
      "requires": {
        "ansi-regex": "^5.0.1"
      }
    },
    "tslib": {
      "version": "2.0.1",
      "resolved": "https://registry.npmjs.org/tslib/-/tslib-2.0.1.tgz",
      "integrity": "sha512-SgIkNheinmEBgx1IUNirK0TUD4X9yjjBRTqqjggWCU3pUEqIk3/Uwl3yRixYKT6WjQuGiwDv4NomL3wqRCj+CQ=="
    },
    "turndown": {
      "version": "7.1.1",
      "resolved": "https://registry.npmjs.org/turndown/-/turndown-7.1.1.tgz",
      "integrity": "sha512-BEkXaWH7Wh7e9bd2QumhfAXk5g34+6QUmmWx+0q6ThaVOLuLUqsnkq35HQ5SBHSaxjSfSM7US5o4lhJNH7B9MA==",
      "requires": {
        "domino": "^2.1.6"
      }
    },
    "util-deprecate": {
      "version": "1.0.2",
      "resolved": "https://registry.npmjs.org/util-deprecate/-/util-deprecate-1.0.2.tgz",
      "integrity": "sha1-RQ1Nyfpw3nMnYvvS1KKJgUGaDM8="
    },
    "wrap-ansi": {
      "version": "7.0.0",
      "resolved": "https://registry.npmjs.org/wrap-ansi/-/wrap-ansi-7.0.0.tgz",
      "integrity": "sha512-YVGIj2kamLSTxw6NsZjoBxfSwsn0ycdesmc4p+Q21c5zPuZ1pl+NfxVdxPtdHvmNVOQ6XSYG4AUtyt/Fi7D16Q==",
      "requires": {
        "ansi-styles": "^4.0.0",
        "string-width": "^4.1.0",
        "strip-ansi": "^6.0.0"
      }
    },
    "y18n": {
      "version": "5.0.8",
      "resolved": "https://registry.npmjs.org/y18n/-/y18n-5.0.8.tgz",
      "integrity": "sha512-0pfFzegeDWJHJIAmTLRP2DwHjdF5s7jo9tuztdQxAhINCdvS+3nGINqPd00AphqJR/0LhANUS6/+7SCb98YOfA=="
    },
    "yargs": {
      "version": "17.6.0",
      "resolved": "https://registry.npmjs.org/yargs/-/yargs-17.6.0.tgz",
      "integrity": "sha512-8H/wTDqlSwoSnScvV2N/JHfLWOKuh5MVla9hqLjK3nsfyy6Y4kDSYSvkU5YCUEPOSnRXfIyx3Sq+B/IWudTo4g==",
      "requires": {
        "cliui": "^8.0.1",
        "escalade": "^3.1.1",
        "get-caller-file": "^2.0.5",
        "require-directory": "^2.1.1",
        "string-width": "^4.2.3",
        "y18n": "^5.0.5",
        "yargs-parser": "^21.0.0"
      }
    },
    "yargs-parser": {
      "version": "21.1.1",
      "resolved": "https://registry.npmjs.org/yargs-parser/-/yargs-parser-21.1.1.tgz",
      "integrity": "sha512-tVpsJW7DdjecAiFpbIB1e3qxIQsE6NoPc5/eTdrbbIC4h0LVsWhnoa3g+m2HclBIujHzsxZ4VJVA+GUuc2/LBw=="
    }
  }
}
