{
  "name": "sample",
  "lockfileVersion": 3,
  "requires": true,
  "packages": {
    "": {
      "name": "sample",
      "dependencies": {
        "devextreme-dist": "~23.2.0",
        "jquery": "^3.7.1"
      }
    },
    "node_modules/devextreme-dist": {
      "version": "23.2.5",
      "resolved": "https://registry.npmjs.org/devextreme-dist/-/devextreme-dist-23.2.5.tgz",
      "integrity": "sha512-xW5GquaDRy32nAzAA2bfxRWaWmzTXV7pK8AkN65cG9rigeLr2jRF13cbIkfnhiZy9186ODRt/aQWfJkWsnIW7w=="
    },
    "node_modules/jquery": {
      "version": "3.7.1",
      "resolved": "https://registry.npmjs.org/jquery/-/jquery-3.7.1.tgz",
      "integrity": "sha512-m4avr8yL8kmFN8psrbFFFmB/If14iN5o9nw/NgnnM+kybDJpRsAynV2BsfpTYrTRysYUdADVD7CkUUizgkpLfg=="
    }
  }
}
